{
  "socketPath": "/tmp/mcp-WU0JDx/mcp.sock",
  "scheme": "unix",
  "headers": {
    "Authorization": "Nonce fca44b93-26e9-476b-9f70-efcb88f72611"
  },
  "pid": 20192,
  "ideName": "Visual Studio Code",
  "timestamp": 1775709018633,
  "workspaceFolders": [
    "/home/ubuntu"
  ],
  "isTrusted": true
}